{
  "version": 4,
  "terraform_version": "1.5.6",
  "serial": 7,
  "lineage": "abf7cde8-0fb4-2fa7-3a58-32d011759cd0",
  "outputs": {},
  "resources": [
    {
      "mode": "managed",
      "type": "local_file",
      "name": "file1",
      "provider": "provider[\"registry.terraform.io/hashicorp/local\"]",
      "instances": [
        {
          "schema_version": 0,
          "attributes": {
            "content": "amal",
            "content_base64": null,
            "content_base64sha256": "P/hMXqK6ps/F00TfhMlWN3+AAUvXqPPGEWMm9a1k5wo=",
            "content_base64sha512": "tmCO51Nq7Hru/e/8aEp+son7LseSOyF8trAbGgquZeCh/VOuPn1OjwIO5o3de35fKp3bifCDZW1w9o2ylA7rTQ==",
            "content_md5": "16b5480e7b6e68607fe48815d16b5d6d",
            "content_sha1": "7a671c37cb54c6697b951e2d1519f2d53de2e78f",
            "content_sha256": "3ff84c5ea2baa6cfc5d344df84c956377f80014bd7a8f3c6116326f5ad64e70a",
            "content_sha512": "b6608ee7536aec7aeefdeffc684a7eb289fb2ec7923b217cb6b01b1a0aae65e0a1fd53ae3e7d4e8f020ee68ddd7b7e5f2a9ddb89f083656d70f68db2940eeb4d",
            "directory_permission": "0777",
            "file_permission": "0777",
            "filename": "rak.py",
            "id": "7a671c37cb54c6697b951e2d1519f2d53de2e78f",
            "sensitive_content": null,
            "source": null
          },
          "sensitive_attributes": []
        }
      ]
    },
    {
      "mode": "managed",
      "type": "local_file",
      "name": "file2",
      "provider": "provider[\"registry.terraform.io/hashicorp/local\"]",
      "instances": [
        {
          "schema_version": 0,
          "attributes": {
            "content": "f46fadd2a004e816",
            "content_base64": null,
            "content_base64sha256": "Ad1jELgurusbSZWxvOtRsaKYiPLFpVxJKLEgtowu0Aw=",
            "content_base64sha512": "uTRoHqiDe0MxjY6VC7f+Vn4lPzemiWTkiUFN2Ovm8BtV4O0qQNHAKR9ZFBvYv+bAm5vNuMR1qKfxVspowe8QbQ==",
            "content_md5": "62274f043adaa16791ea465c7e84296c",
            "content_sha1": "bdb675d28c0b2dd7f8d17b9cd3f2597465b6ae46",
            "content_sha256": "01dd6310b82eaeeb1b4995b1bceb51b1a29888f2c5a55c4928b120b68c2ed00c",
            "content_sha512": "b934681ea8837b43318d8e950bb7fe567e253f37a68964e489414dd8ebe6f01b55e0ed2a40d1c0291f59141bd8bfe6c09b9bcdb8c475a8a7f156ca68c1ef106d",
            "directory_permission": "0777",
            "file_permission": "0777",
            "filename": "rak.py",
            "id": "bdb675d28c0b2dd7f8d17b9cd3f2597465b6ae46",
            "sensitive_content": null,
            "source": null
          },
          "sensitive_attributes": [],
          "dependencies": [
            "random_id.OTP"
          ]
        }
      ]
    },
    {
      "mode": "managed",
      "type": "local_file",
      "name": "ra1",
      "provider": "provider[\"registry.terraform.io/hashicorp/local\"]",
      "instances": [
        {
          "schema_version": 0,
          "attributes": {
            "content": "forum",
            "content_base64": null,
            "content_base64sha256": "TrQaKp3+cHIu5GcabR/MaSHCbMi8tU5WMvXn10A1KUA=",
            "content_base64sha512": "L3sRu/Wv+ybNmHkVY+Go9LBQnGyQlx746oQeewCc7MEvGYRvwCt/0P2HzxN2E9U4kg/vP8gMH795F5PIuzwzbQ==",
            "content_md5": "bbdbe444288550204c968fe7002a97a9",
            "content_sha1": "732d18e71a6837417bb852aed581cf2f89d58dbe",
            "content_sha256": "4eb41a2a9dfe70722ee4671a6d1fcc6921c26cc8bcb54e5632f5e7d740352940",
            "content_sha512": "2f7b11bbf5affb26cd98791563e1a8f4b0509c6c90971ef8ea841e7b009cecc12f19846fc02b7fd0fd87cf137613d538920fef3fc80c1fbf791793c8bb3c336d",
            "directory_permission": "0777",
            "file_permission": "0777",
            "filename": "rak.html",
            "id": "732d18e71a6837417bb852aed581cf2f89d58dbe",
            "sensitive_content": null,
            "source": null
          },
          "sensitive_attributes": []
        }
      ]
    },
    {
      "mode": "managed",
      "type": "local_file",
      "name": "rakesh",
      "provider": "provider[\"registry.terraform.io/hashicorp/local\"]",
      "instances": [
        {
          "schema_version": 0,
          "attributes": {
            "content": "amal",
            "content_base64": null,
            "content_base64sha256": "P/hMXqK6ps/F00TfhMlWN3+AAUvXqPPGEWMm9a1k5wo=",
            "content_base64sha512": "tmCO51Nq7Hru/e/8aEp+son7LseSOyF8trAbGgquZeCh/VOuPn1OjwIO5o3de35fKp3bifCDZW1w9o2ylA7rTQ==",
            "content_md5": "16b5480e7b6e68607fe48815d16b5d6d",
            "content_sha1": "7a671c37cb54c6697b951e2d1519f2d53de2e78f",
            "content_sha256": "3ff84c5ea2baa6cfc5d344df84c956377f80014bd7a8f3c6116326f5ad64e70a",
            "content_sha512": "b6608ee7536aec7aeefdeffc684a7eb289fb2ec7923b217cb6b01b1a0aae65e0a1fd53ae3e7d4e8f020ee68ddd7b7e5f2a9ddb89f083656d70f68db2940eeb4d",
            "directory_permission": "0777",
            "file_permission": "0777",
            "filename": "rake.html",
            "id": "7a671c37cb54c6697b951e2d1519f2d53de2e78f",
            "sensitive_content": null,
            "source": null
          },
          "sensitive_attributes": []
        }
      ]
    },
    {
      "mode": "managed",
      "type": "random_id",
      "name": "OTP",
      "provider": "provider[\"registry.terraform.io/hashicorp/random\"]",
      "instances": [
        {
          "schema_version": 0,
          "attributes": {
            "b64_std": "9G+t0qAE6BY=",
            "b64_url": "9G-t0qAE6BY",
            "byte_length": 8,
            "dec": "17613487787808712726",
            "hex": "f46fadd2a004e816",
            "id": "9G-t0qAE6BY",
            "keepers": null,
            "prefix": null
          },
          "sensitive_attributes": []
        }
      ]
    }
  ],
  "check_results": null
}
