{
  "version": 4,
  "terraform_version": "1.5.6",
  "serial": 18,
  "lineage": "abf7cde8-0fb4-2fa7-3a58-32d011759cd0",
  "outputs": {},
  "resources": [
    {
      "mode": "managed",
      "type": "local_file",
      "name": "file1",
      "provider": "provider[\"registry.terraform.io/hashicorp/local\"]",
      "instances": [
        {
          "schema_version": 0,
          "attributes": {
            "content": "kamal",
            "content_base64": null,
            "content_base64sha256": "+oNftdofu8OYhRa0BZ4YtK3rDi+s28NFesLPpe/v3QY=",
            "content_base64sha512": "nnEUuANLU4ejU2s0PmkqaTwZ2UYWwMzK60OXCM9eWnAWJnJoTx1b5RBbF7pY75Pz5wG4EQ/l3BFbpkPW5cZB9w==",
            "content_md5": "aa63b0d5d950361c05012235ab520512",
            "content_sha1": "5cc5d8d4c7115f1c96c2983ec0d0f8a0f9dab596",
            "content_sha256": "fa835fb5da1fbbc3988516b4059e18b4adeb0e2facdbc3457ac2cfa5efefdd06",
            "content_sha512": "9e7114b8034b5387a3536b343e692a693c19d94616c0cccaeb439708cf5e5a70162672684f1d5be5105b17ba58ef93f3e701b8110fe5dc115ba643d6e5c641f7",
            "directory_permission": "0777",
            "file_permission": "0777",
            "filename": "rak.py",
            "id": "5cc5d8d4c7115f1c96c2983ec0d0f8a0f9dab596",
            "sensitive_content": null,
            "source": null
          },
          "sensitive_attributes": []
        }
      ]
    },
    {
      "mode": "managed",
      "type": "local_file",
      "name": "file2",
      "provider": "provider[\"registry.terraform.io/hashicorp/local\"]",
      "instances": [
        {
          "schema_version": 0,
          "attributes": {
            "content": "f46fadd2a004e816",
            "content_base64": null,
            "content_base64sha256": "Ad1jELgurusbSZWxvOtRsaKYiPLFpVxJKLEgtowu0Aw=",
            "content_base64sha512": "uTRoHqiDe0MxjY6VC7f+Vn4lPzemiWTkiUFN2Ovm8BtV4O0qQNHAKR9ZFBvYv+bAm5vNuMR1qKfxVspowe8QbQ==",
            "content_md5": "62274f043adaa16791ea465c7e84296c",
            "content_sha1": "bdb675d28c0b2dd7f8d17b9cd3f2597465b6ae46",
            "content_sha256": "01dd6310b82eaeeb1b4995b1bceb51b1a29888f2c5a55c4928b120b68c2ed00c",
            "content_sha512": "b934681ea8837b43318d8e950bb7fe567e253f37a68964e489414dd8ebe6f01b55e0ed2a40d1c0291f59141bd8bfe6c09b9bcdb8c475a8a7f156ca68c1ef106d",
            "directory_permission": "0777",
            "file_permission": "0777",
            "filename": "rak.py",
            "id": "bdb675d28c0b2dd7f8d17b9cd3f2597465b6ae46",
            "sensitive_content": null,
            "source": null
          },
          "sensitive_attributes": [],
          "dependencies": [
            "random_id.OTP"
          ]
        }
      ]
    },
    {
      "mode": "managed",
      "type": "local_file",
      "name": "kesh",
      "provider": "provider[\"registry.terraform.io/hashicorp/local\"]",
      "instances": [
        {
          "schema_version": 0,
          "attributes": {
            "content": "var.kesh",
            "content_base64": null,
            "content_base64sha256": "SdmpHLc7FXkGx27LCN4ZKHKAEy5QAk7q8zdw9jGLtUY=",
            "content_base64sha512": "uQL2cp+FrLyGtsmqwGJweeVkswRi9BuLEQcnQ+2TKmvW0f2ZgzM8jBmHQEO38vfiG8wKe+7CajTwIU33hefa/A==",
            "content_md5": "5ddf770d685eaef51305a197f190c1d0",
            "content_sha1": "954e2aa1dacb0854da642fe6b8a152eb1022f3c1",
            "content_sha256": "49d9a91cb73b157906c76ecb08de19287280132e50024eeaf33770f6318bb546",
            "content_sha512": "b902f6729f85acbc86b6c9aac0627079e564b30462f41b8b11072743ed932a6bd6d1fd9983333c8c19874043b7f2f7e21bcc0a7beec26a34f0214df785e7dafc",
            "directory_permission": "0777",
            "file_permission": "0777",
            "filename": "rak.txt",
            "id": "954e2aa1dacb0854da642fe6b8a152eb1022f3c1",
            "sensitive_content": null,
            "source": null
          },
          "sensitive_attributes": []
        }
      ]
    },
    {
      "mode": "managed",
      "type": "local_file",
      "name": "ra1",
      "provider": "provider[\"registry.terraform.io/hashicorp/local\"]",
      "instances": [
        {
          "schema_version": 0,
          "attributes": {
            "content": "Locals file content pass the local file ra1",
            "content_base64": null,
            "content_base64sha256": "Lpoh+WJYZ4+OvNA6C0MNkZyMndEdICZ8xMUg0iww5JU=",
            "content_base64sha512": "ShvYWttIFATAwNXkR6GSw/uGAOJnqayikpoEzKRs8XiX8l89Vv5cmPAQyxz1AChUgnCAabPTMR7pWdxmR9yyMQ==",
            "content_md5": "0d5325b4cce907d166c9fc8e759519a9",
            "content_sha1": "74b6611a2fb707bb0a1f15eafa38f09c269c75e1",
            "content_sha256": "2e9a21f96258678f8ebcd03a0b430d919c8c9dd11d20267cc4c520d22c30e495",
            "content_sha512": "4a1bd85adb481404c0c0d5e447a192c3fb8600e267a9aca2929a04cca46cf17897f25f3d56fe5c98f010cb1cf500285482708069b3d3311ee959dc6647dcb231",
            "directory_permission": "0777",
            "file_permission": "0777",
            "filename": "rak.html",
            "id": "74b6611a2fb707bb0a1f15eafa38f09c269c75e1",
            "sensitive_content": null,
            "source": null
          },
          "sensitive_attributes": []
        }
      ]
    },
    {
      "mode": "managed",
      "type": "local_file",
      "name": "rak01",
      "provider": "provider[\"registry.terraform.io/hashicorp/local\"]",
      "instances": [
        {
          "schema_version": 0,
          "attributes": {
            "content": "welcome to world",
            "content_base64": null,
            "content_base64sha256": "K7/i7aUQ3N4dwB3pkatBTPbBWI5WiNJOyNw5oD/XFJ0=",
            "content_base64sha512": "cXyHFfDHBONfwGf4ZuSo3bfCn8SaKvPy3r5QUgmW4DXv3MOlGzcIxFeTMyS+knHTawPNhL1ijw7qLwtlvsIPRA==",
            "content_md5": "41ac84a3738ce104dbd58921be2e2a6a",
            "content_sha1": "9b243e272e020a98faea44c040fa0739fdd39bd6",
            "content_sha256": "2bbfe2eda510dcde1dc01de991ab414cf6c1588e5688d24ec8dc39a03fd7149d",
            "content_sha512": "717c8715f0c704e35fc067f866e4a8ddb7c29fc49a2af3f2debe50520996e035efdcc3a51b3708c457933324be9271d36b03cd84bd628f0eea2f0b65bec20f44",
            "directory_permission": "0777",
            "file_permission": "0777",
            "filename": "dev.html",
            "id": "9b243e272e020a98faea44c040fa0739fdd39bd6",
            "sensitive_content": null,
            "source": null
          },
          "sensitive_attributes": []
        }
      ]
    },
    {
      "mode": "managed",
      "type": "local_file",
      "name": "rakesh",
      "provider": "provider[\"registry.terraform.io/hashicorp/local\"]",
      "instances": [
        {
          "schema_version": 0,
          "attributes": {
            "content": "kamal",
            "content_base64": null,
            "content_base64sha256": "+oNftdofu8OYhRa0BZ4YtK3rDi+s28NFesLPpe/v3QY=",
            "content_base64sha512": "nnEUuANLU4ejU2s0PmkqaTwZ2UYWwMzK60OXCM9eWnAWJnJoTx1b5RBbF7pY75Pz5wG4EQ/l3BFbpkPW5cZB9w==",
            "content_md5": "aa63b0d5d950361c05012235ab520512",
            "content_sha1": "5cc5d8d4c7115f1c96c2983ec0d0f8a0f9dab596",
            "content_sha256": "fa835fb5da1fbbc3988516b4059e18b4adeb0e2facdbc3457ac2cfa5efefdd06",
            "content_sha512": "9e7114b8034b5387a3536b343e692a693c19d94616c0cccaeb439708cf5e5a70162672684f1d5be5105b17ba58ef93f3e701b8110fe5dc115ba643d6e5c641f7",
            "directory_permission": "0777",
            "file_permission": "0777",
            "filename": "rake.html",
            "id": "5cc5d8d4c7115f1c96c2983ec0d0f8a0f9dab596",
            "sensitive_content": null,
            "source": null
          },
          "sensitive_attributes": []
        }
      ]
    },
    {
      "mode": "managed",
      "type": "local_file",
      "name": "rakesh11",
      "provider": "provider[\"registry.terraform.io/hashicorp/local\"]",
      "instances": [
        {
          "schema_version": 0,
          "attributes": {
            "content": "welcomr",
            "content_base64": null,
            "content_base64sha256": "YDVPMzs7ybyA0zyHCtSbtKIZqSzB+1BFofNSfScrO8I=",
            "content_base64sha512": "zeOsoqtuOxK0ER+KlsVDn0cCrsV5bFRy38iiP65MuTwnRHgn17zPDHLBa8IuHmQJK5BN4q9RUUCKqSbvce54Hg==",
            "content_md5": "68f664072038ea9d8df4730721dc6950",
            "content_sha1": "2d9d9d377d88f028ea9047e7a62cffcbcfb60551",
            "content_sha256": "60354f333b3bc9bc80d33c870ad49bb4a219a92cc1fb5045a1f3527d272b3bc2",
            "content_sha512": "cde3aca2ab6e3b12b4111f8a96c5439f4702aec5796c5472dfc8a23fae4cb93c27447827d7bccf0c72c16bc22e1e64092b904de2af5151408aa926ef71ee781e",
            "directory_permission": "0777",
            "file_permission": "0777",
            "filename": "kamal.py",
            "id": "2d9d9d377d88f028ea9047e7a62cffcbcfb60551",
            "sensitive_content": null,
            "source": null
          },
          "sensitive_attributes": []
        }
      ]
    },
    {
      "mode": "managed",
      "type": "random_id",
      "name": "OTP",
      "provider": "provider[\"registry.terraform.io/hashicorp/random\"]",
      "instances": [
        {
          "schema_version": 0,
          "attributes": {
            "b64_std": "9G+t0qAE6BY=",
            "b64_url": "9G-t0qAE6BY",
            "byte_length": 8,
            "dec": "17613487787808712726",
            "hex": "f46fadd2a004e816",
            "id": "9G-t0qAE6BY",
            "keepers": null,
            "prefix": null
          },
          "sensitive_attributes": []
        }
      ]
    }
  ],
  "check_results": null
}
