{
  "version": 4,
  "terraform_version": "1.5.6",
  "serial": 26,
  "lineage": "abf7cde8-0fb4-2fa7-3a58-32d011759cd0",
  "outputs": {},
  "resources": [
    {
      "mode": "managed",
      "type": "local_file",
      "name": "file1",
      "provider": "provider[\"registry.terraform.io/hashicorp/local\"]",
      "instances": [
        {
          "schema_version": 0,
          "attributes": {
            "content": "kamal",
            "content_base64": null,
            "content_base64sha256": "+oNftdofu8OYhRa0BZ4YtK3rDi+s28NFesLPpe/v3QY=",
            "content_base64sha512": "nnEUuANLU4ejU2s0PmkqaTwZ2UYWwMzK60OXCM9eWnAWJnJoTx1b5RBbF7pY75Pz5wG4EQ/l3BFbpkPW5cZB9w==",
            "content_md5": "aa63b0d5d950361c05012235ab520512",
            "content_sha1": "5cc5d8d4c7115f1c96c2983ec0d0f8a0f9dab596",
            "content_sha256": "fa835fb5da1fbbc3988516b4059e18b4adeb0e2facdbc3457ac2cfa5efefdd06",
            "content_sha512": "9e7114b8034b5387a3536b343e692a693c19d94616c0cccaeb439708cf5e5a70162672684f1d5be5105b17ba58ef93f3e701b8110fe5dc115ba643d6e5c641f7",
            "directory_permission": "0777",
            "file_permission": "0777",
            "filename": "rak.py",
            "id": "5cc5d8d4c7115f1c96c2983ec0d0f8a0f9dab596",
            "sensitive_content": null,
            "source": null
          },
          "sensitive_attributes": []
        }
      ]
    },
    {
      "mode": "managed",
      "type": "local_file",
      "name": "file2",
      "provider": "provider[\"registry.terraform.io/hashicorp/local\"]",
      "instances": [
        {
          "schema_version": 0,
          "attributes": {
            "content": "f46fadd2a004e816",
            "content_base64": null,
            "content_base64sha256": "Ad1jELgurusbSZWxvOtRsaKYiPLFpVxJKLEgtowu0Aw=",
            "content_base64sha512": "uTRoHqiDe0MxjY6VC7f+Vn4lPzemiWTkiUFN2Ovm8BtV4O0qQNHAKR9ZFBvYv+bAm5vNuMR1qKfxVspowe8QbQ==",
            "content_md5": "62274f043adaa16791ea465c7e84296c",
            "content_sha1": "bdb675d28c0b2dd7f8d17b9cd3f2597465b6ae46",
            "content_sha256": "01dd6310b82eaeeb1b4995b1bceb51b1a29888f2c5a55c4928b120b68c2ed00c",
            "content_sha512": "b934681ea8837b43318d8e950bb7fe567e253f37a68964e489414dd8ebe6f01b55e0ed2a40d1c0291f59141bd8bfe6c09b9bcdb8c475a8a7f156ca68c1ef106d",
            "directory_permission": "0777",
            "file_permission": "0777",
            "filename": "rak.py",
            "id": "bdb675d28c0b2dd7f8d17b9cd3f2597465b6ae46",
            "sensitive_content": null,
            "source": null
          },
          "sensitive_attributes": [],
          "dependencies": [
            "random_id.OTP"
          ]
        }
      ]
    },
    {
      "mode": "managed",
      "type": "local_file",
      "name": "kesh",
      "provider": "provider[\"registry.terraform.io/hashicorp/local\"]",
      "instances": [
        {
          "schema_version": 0,
          "attributes": {
            "content": "true",
            "content_base64": null,
            "content_base64sha256": "tb6kG2xiP3wJ8b8k3K5Y66s8DN2QrZZrxDpFtEhn4Ss=",
            "content_base64sha512": "kSDNX67wegjpcf8CSj/L6h46a0QUKm2CyijGxC5PhSWVvPU9gdd28QVBBFq9t8N5UGKUFdDcZsjYbGSlYG0y3g==",
            "content_md5": "b326b5062b2f0e69046810717534cb09",
            "content_sha1": "5ffe533b830f08a0326348a9160afafc8ada44db",
            "content_sha256": "b5bea41b6c623f7c09f1bf24dcae58ebab3c0cdd90ad966bc43a45b44867e12b",
            "content_sha512": "9120cd5faef07a08e971ff024a3fcbea1e3a6b44142a6d82ca28c6c42e4f852595bcf53d81d776f10541045abdb7c37950629415d0dc66c8d86c64a5606d32de",
            "directory_permission": "0777",
            "file_permission": "0777",
            "filename": "rak.txt",
            "id": "5ffe533b830f08a0326348a9160afafc8ada44db",
            "sensitive_content": null,
            "source": null
          },
          "sensitive_attributes": []
        }
      ]
    },
    {
      "mode": "managed",
      "type": "local_file",
      "name": "ra1",
      "provider": "provider[\"registry.terraform.io/hashicorp/local\"]",
      "instances": [
        {
          "schema_version": 0,
          "attributes": {
            "content": "Locals file content pass the local file ra1",
            "content_base64": null,
            "content_base64sha256": "Lpoh+WJYZ4+OvNA6C0MNkZyMndEdICZ8xMUg0iww5JU=",
            "content_base64sha512": "ShvYWttIFATAwNXkR6GSw/uGAOJnqayikpoEzKRs8XiX8l89Vv5cmPAQyxz1AChUgnCAabPTMR7pWdxmR9yyMQ==",
            "content_md5": "0d5325b4cce907d166c9fc8e759519a9",
            "content_sha1": "74b6611a2fb707bb0a1f15eafa38f09c269c75e1",
            "content_sha256": "2e9a21f96258678f8ebcd03a0b430d919c8c9dd11d20267cc4c520d22c30e495",
            "content_sha512": "4a1bd85adb481404c0c0d5e447a192c3fb8600e267a9aca2929a04cca46cf17897f25f3d56fe5c98f010cb1cf500285482708069b3d3311ee959dc6647dcb231",
            "directory_permission": "0777",
            "file_permission": "0777",
            "filename": "rak.html",
            "id": "74b6611a2fb707bb0a1f15eafa38f09c269c75e1",
            "sensitive_content": null,
            "source": null
          },
          "sensitive_attributes": []
        }
      ]
    },
    {
      "mode": "managed",
      "type": "local_file",
      "name": "rak01",
      "provider": "provider[\"registry.terraform.io/hashicorp/local\"]",
      "instances": [
        {
          "schema_version": 0,
          "attributes": {
            "content": "123",
            "content_base64": null,
            "content_base64sha256": "pmWkWSBCL51Bfkhn79xPuKBKHz//H6B+mY6G9/eieuM=",
            "content_base64sha512": "PJkJr+wlNU1VHa4hWQuybjjVPyFzuNPcPu5MBH56scHri4UQPjvnumE7MbtcnDYhTcnxSkL9ei/bhIVrylxEwg==",
            "content_md5": "202cb962ac59075b964b07152d234b70",
            "content_sha1": "40bd001563085fc35165329ea1ff5c5ecbdbbeef",
            "content_sha256": "a665a45920422f9d417e4867efdc4fb8a04a1f3fff1fa07e998e86f7f7a27ae3",
            "content_sha512": "3c9909afec25354d551dae21590bb26e38d53f2173b8d3dc3eee4c047e7ab1c1eb8b85103e3be7ba613b31bb5c9c36214dc9f14a42fd7a2fdb84856bca5c44c2",
            "directory_permission": "0777",
            "file_permission": "0777",
            "filename": "dev.html",
            "id": "40bd001563085fc35165329ea1ff5c5ecbdbbeef",
            "sensitive_content": null,
            "source": null
          },
          "sensitive_attributes": []
        }
      ]
    },
    {
      "mode": "managed",
      "type": "local_file",
      "name": "rakesh",
      "provider": "provider[\"registry.terraform.io/hashicorp/local\"]",
      "instances": [
        {
          "schema_version": 0,
          "attributes": {
            "content": "kamal",
            "content_base64": null,
            "content_base64sha256": "+oNftdofu8OYhRa0BZ4YtK3rDi+s28NFesLPpe/v3QY=",
            "content_base64sha512": "nnEUuANLU4ejU2s0PmkqaTwZ2UYWwMzK60OXCM9eWnAWJnJoTx1b5RBbF7pY75Pz5wG4EQ/l3BFbpkPW5cZB9w==",
            "content_md5": "aa63b0d5d950361c05012235ab520512",
            "content_sha1": "5cc5d8d4c7115f1c96c2983ec0d0f8a0f9dab596",
            "content_sha256": "fa835fb5da1fbbc3988516b4059e18b4adeb0e2facdbc3457ac2cfa5efefdd06",
            "content_sha512": "9e7114b8034b5387a3536b343e692a693c19d94616c0cccaeb439708cf5e5a70162672684f1d5be5105b17ba58ef93f3e701b8110fe5dc115ba643d6e5c641f7",
            "directory_permission": "0777",
            "file_permission": "0777",
            "filename": "rake.html",
            "id": "5cc5d8d4c7115f1c96c2983ec0d0f8a0f9dab596",
            "sensitive_content": null,
            "source": null
          },
          "sensitive_attributes": []
        }
      ]
    },
    {
      "mode": "managed",
      "type": "local_file",
      "name": "rakesh11",
      "provider": "provider[\"registry.terraform.io/hashicorp/local\"]",
      "instances": [
        {
          "schema_version": 0,
          "attributes": {
            "content": "content are change with variable",
            "content_base64": null,
            "content_base64sha256": "YUjmrHehZQCK8Aafp5bxMjzagPcohX2pq93x9ZmuurE=",
            "content_base64sha512": "s6pKi2FBq4chI80fQYD5ek/D/kocfxt9laCDKgIW9sZ2aGmr/0qxfjeE8Pd6+p7OpvdOOJYqCgcP031bh9xpXg==",
            "content_md5": "19dcf9a133898b6090d31f8f881ea8bc",
            "content_sha1": "fafb8687e2d08a5c431d7bb3d5598a31710ac51a",
            "content_sha256": "6148e6ac77a165008af0069fa796f1323cda80f728857da9abddf1f599aebab1",
            "content_sha512": "b3aa4a8b6141ab872123cd1f4180f97a4fc3fe4a1c7f1b7d95a0832a0216f6c6766869abff4ab17e3784f0f77afa9ecea6f74e38962a0a070fd37d5b87dc695e",
            "directory_permission": "0777",
            "file_permission": "0777",
            "filename": "kamal.py",
            "id": "fafb8687e2d08a5c431d7bb3d5598a31710ac51a",
            "sensitive_content": null,
            "source": null
          },
          "sensitive_attributes": []
        }
      ]
    },
    {
      "mode": "managed",
      "type": "random_id",
      "name": "OTP",
      "provider": "provider[\"registry.terraform.io/hashicorp/random\"]",
      "instances": [
        {
          "schema_version": 0,
          "attributes": {
            "b64_std": "9G+t0qAE6BY=",
            "b64_url": "9G-t0qAE6BY",
            "byte_length": 8,
            "dec": "17613487787808712726",
            "hex": "f46fadd2a004e816",
            "id": "9G-t0qAE6BY",
            "keepers": null,
            "prefix": null
          },
          "sensitive_attributes": []
        }
      ]
    }
  ],
  "check_results": null
}
